// !$*UTF8*$!
{
	archiveVersion = 1;
	classes = {
	};
	objectVersion = 50;
	objects = {

/* Begin PBXBuildFile section */
		50A2ED3F23CF2F4100719A41 /* AppDelegate.swift in Sources */ = {isa = PBXBuildFile; fileRef = 50A2ED3E23CF2F4100719A41 /* AppDelegate.swift */; };
		50A2ED4123CF2F4100719A41 /* SceneDelegate.swift in Sources */ = {isa = PBXBuildFile; fileRef = 50A2ED4023CF2F4100719A41 /* SceneDelegate.swift */; };
		50A2ED4323CF2F4100719A41 /* MainViewController.swift in Sources */ = {isa = PBXBuildFile; fileRef = 50A2ED4223CF2F4100719A41 /* MainViewController.swift */; };
		50A2ED4623CF2F4100719A41 /* Main.storyboard in Resources */ = {isa = PBXBuildFile; fileRef = 50A2ED4423CF2F4100719A41 /* Main.storyboard */; };
		50A2ED4823CF2F4500719A41 /* Assets.xcassets in Resources */ = {isa = PBXBuildFile; fileRef = 50A2ED4723CF2F4500719A41 /* Assets.xcassets */; };
		50A2ED4B23CF2F4500719A41 /* LaunchScreen.storyboard in Resources */ = {isa = PBXBuildFile; fileRef = 50A2ED4923CF2F4500719A41 /* LaunchScreen.storyboard */; };
		50A2ED5323CF552300719A41 /* Delm-Medium.otf in Resources */ = {isa = PBXBuildFile; fileRef = 50A2ED5223CF552300719A41 /* Delm-Medium.otf */; };
		50A2ED5523CF554C00719A41 /* ThirstySoftRegular.otf in Resources */ = {isa = PBXBuildFile; fileRef = 50A2ED5423CF554C00719A41 /* ThirstySoftRegular.otf */; };
/* End PBXBuildFile section */

/* Begin PBXFileReference section */
		50A2ED3B23CF2F4100719A41 /* Instagrid.app */ = {isa = PBXFileReference; explicitFileType = wrapper.application; includeInIndex = 0; path = Instagrid.app; sourceTree = BUILT_PRODUCTS_DIR; };
		50A2ED3E23CF2F4100719A41 /* AppDelegate.swift */ = {isa = PBXFileReference; lastKnownFileType = sourcecode.swift; path = AppDelegate.swift; sourceTree = "<group>"; };
		50A2ED4023CF2F4100719A41 /* SceneDelegate.swift */ = {isa = PBXFileReference; lastKnownFileType = sourcecode.swift; path = SceneDelegate.swift; sourceTree = "<group>"; };
		50A2ED4223CF2F4100719A41 /* MainViewController.swift */ = {isa = PBXFileReference; lastKnownFileType = sourcecode.swift; path = MainViewController.swift; sourceTree = "<group>"; };
		50A2ED4523CF2F4100719A41 /* Base */ = {isa = PBXFileReference; lastKnownFileType = file.storyboard; name = Base; path = Base.lproj/Main.storyboard; sourceTree = "<group>"; };
		50A2ED4723CF2F4500719A41 /* Assets.xcassets */ = {isa = PBXFileReference; lastKnownFileType = folder.assetcatalog; path = Assets.xcassets; sourceTree = "<group>"; };
		50A2ED4A23CF2F4500719A41 /* Base */ = {isa = PBXFileReference; lastKnownFileType = file.storyboard; name = Base; path = Base.lproj/LaunchScreen.storyboard; sourceTree = "<group>"; };
		50A2ED4C23CF2F4500719A41 /* Info.plist */ = {isa = PBXFileReference; lastKnownFileType = text.plist.xml; path = Info.plist; sourceTree = "<group>"; };
		50A2ED5223CF552300719A41 /* Delm-Medium.otf */ = {isa = PBXFileReference; lastKnownFileType = file; path = "Delm-Medium.otf"; sourceTree = "<group>"; };
		50A2ED5423CF554C00719A41 /* ThirstySoftRegular.otf */ = {isa = PBXFileReference; lastKnownFileType = file; path = ThirstySoftRegular.otf; sourceTree = "<group>"; };
/* End PBXFileReference section */

/* Begin PBXFrameworksBuildPhase section */
		50A2ED3823CF2F4100719A41 /* Frameworks */ = {
			isa = PBXFrameworksBuildPhase;
			buildActionMask = 2147483647;
			files = (
			);
			runOnlyForDeploymentPostprocessing = 0;
		};
/* End PBXFrameworksBuildPhase section */

/* Begin PBXGroup section */
		50A2ED3223CF2F4100719A41 = {
			isa = PBXGroup;
			children = (
				50A2ED3D23CF2F4100719A41 /* Instagrid */,
				50A2ED3C23CF2F4100719A41 /* Products */,
			);
			sourceTree = "<group>";
		};
		50A2ED3C23CF2F4100719A41 /* Products */ = {
			isa = PBXGroup;
			children = (
				50A2ED3B23CF2F4100719A41 /* Instagrid.app */,
			);
			name = Products;
			sourceTree = "<group>";
		};
		50A2ED3D23CF2F4100719A41 /* Instagrid */ = {
			isa = PBXGroup;
			children = (
				50A2ED5923CF558200719A41 /* Controller */,
				50A2ED5823CF557900719A41 /* View */,
				50A2ED5623CF556000719A41 /* Ressources */,
			);
			path = Instagrid;
			sourceTree = "<group>";
		};
		50A2ED5623CF556000719A41 /* Ressources */ = {
			isa = PBXGroup;
			children = (
				50A2ED4C23CF2F4500719A41 /* Info.plist */,
				50A2ED4023CF2F4100719A41 /* SceneDelegate.swift */,
				50A2ED5223CF552300719A41 /* Delm-Medium.otf */,
				50A2ED4723CF2F4500719A41 /* Assets.xcassets */,
				50A2ED5423CF554C00719A41 /* ThirstySoftRegular.otf */,
				50A2ED3E23CF2F4100719A41 /* AppDelegate.swift */,
			);
			path = Ressources;
			sourceTree = "<group>";
		};
		50A2ED5823CF557900719A41 /* View */ = {
			isa = PBXGroup;
			children = (
				50A2ED4423CF2F4100719A41 /* Main.storyboard */,
				50A2ED4923CF2F4500719A41 /* LaunchScreen.storyboard */,
			);
			path = View;
			sourceTree = "<group>";
		};
		50A2ED5923CF558200719A41 /* Controller */ = {
			isa = PBXGroup;
			children = (
				50A2ED4223CF2F4100719A41 /* MainViewController.swift */,
			);
			path = Controller;
			sourceTree = "<group>";
		};
/* End PBXGroup section */

/* Begin PBXNativeTarget section */
		50A2ED3A23CF2F4100719A41 /* Instagrid */ = {
			isa = PBXNativeTarget;
			buildConfigurationList = 50A2ED4F23CF2F4500719A41 /* Build configuration list for PBXNativeTarget "Instagrid" */;
			buildPhases = (
				50A2ED3723CF2F4100719A41 /* Sources */,
				50A2ED3823CF2F4100719A41 /* Frameworks */,
				50A2ED3923CF2F4100719A41 /* Resources */,
			);
			buildRules = (
			);
			dependencies = (
			);
			name = Instagrid;
			productName = Instagrid;
			productReference = 50A2ED3B23CF2F4100719A41 /* Instagrid.app */;
			productType = "com.apple.product-type.application";
		};
/* End PBXNativeTarget section */

/* Begin PBXProject section */
		50A2ED3323CF2F4100719A41 /* Project object */ = {
			isa = PBXProject;
			attributes = {
				LastSwiftUpdateCheck = 1120;
				LastUpgradeCheck = 1120;
				ORGANIZATIONNAME = WANDIANGA;
				TargetAttributes = {
					50A2ED3A23CF2F4100719A41 = {
						CreatedOnToolsVersion = 11.2.1;
					};
				};
			};
			buildConfigurationList = 50A2ED3623CF2F4100719A41 /* Build configuration list for PBXProject "Instagrid" */;
			compatibilityVersion = "Xcode 9.3";
			developmentRegion = en;
			hasScannedForEncodings = 0;
			knownRegions = (
				en,
				Base,
			);
			mainGroup = 50A2ED3223CF2F4100719A41;
			productRefGroup = 50A2ED3C23CF2F4100719A41 /* Products */;
			projectDirPath = "";
			projectRoot = "";
			targets = (
				50A2ED3A23CF2F4100719A41 /* Instagrid */,
			);
		};
/* End PBXProject section */

/* Begin PBXResourcesBuildPhase section */
		50A2ED3923CF2F4100719A41 /* Resources */ = {
			isa = PBXResourcesBuildPhase;
			buildActionMask = 2147483647;
			files = (
				50A2ED4B23CF2F4500719A41 /* LaunchScreen.storyboard in Resources */,
				50A2ED4823CF2F4500719A41 /* Assets.xcassets in Resources */,
				50A2ED5523CF554C00719A41 /* ThirstySoftRegular.otf in Resources */,
				50A2ED5323CF552300719A41 /* Delm-Medium.otf in Resources */,
				50A2ED4623CF2F4100719A41 /* Main.storyboard in Resources */,
			);
			runOnlyForDeploymentPostprocessing = 0;
		};
/* End PBXResourcesBuildPhase section */

/* Begin PBXSourcesBuildPhase section */
		50A2ED3723CF2F4100719A41 /* Sources */ = {
			isa = PBXSourcesBuildPhase;
			buildActionMask = 2147483647;
			files = (
				50A2ED4323CF2F4100719A41 /* MainViewController.swift in Sources */,
				50A2ED3F23CF2F4100719A41 /* AppDelegate.swift in Sources */,
				50A2ED4123CF2F4100719A41 /* SceneDelegate.swift in Sources */,
			);
			runOnlyForDeploymentPostprocessing = 0;
		};
/* End PBXSourcesBuildPhase section */

/* Begin PBXVariantGroup section */
		50A2ED4423CF2F4100719A41 /* Main.storyboard */ = {
			isa = PBXVariantGroup;
			children = (
				50A2ED4523CF2F4100719A41 /* Base */,
			);
			name = Main.storyboard;
			sourceTree = "<group>";
		};
		50A2ED4923CF2F4500719A41 /* LaunchScreen.storyboard */ = {
			isa = PBXVariantGroup;
			children = (
				50A2ED4A23CF2F4500719A41 /* Base */,
			);
			name = LaunchScreen.storyboard;
			sourceTree = "<group>";
		};
/* End PBXVariantGroup section */

/* Begin XCBuildConfiguration section */
		50A2ED4D23CF2F4500719A41 /* Debug */ = {
			isa = XCBuildConfiguration;
			buildSettings = {
				ALWAYS_SEARCH_USER_PATHS = NO;
				CLANG_ANALYZER_NONNULL = YES;
				CLANG_ANALYZER_NUMBER_OBJECT_CONVERSION = YES_AGGRESSIVE;
				CLANG_CXX_LANGUAGE_STANDARD = "gnu++14";
				CLANG_CXX_LIBRARY = "libc++";
				CLANG_ENABLE_MODULES = YES;
				CLANG_ENABLE_OBJC_ARC = YES;
				CLANG_ENABLE_OBJC_WEAK = YES;
				CLANG_WARN_BLOCK_CAPTURE_AUTORELEASING = YES;
				CLANG_WARN_BOOL_CONVERSION = YES;
				CLANG_WARN_COMMA = YES;
				CLANG_WARN_CONSTANT_CONVERSION = YES;
				CLANG_WARN_DEPRECATED_OBJC_IMPLEMENTATIONS = YES;
				CLANG_WARN_DIRECT_OBJC_ISA_USAGE = YES_ERROR;
				CLANG_WARN_DOCUMENTATION_COMMENTS = YES;
				CLANG_WARN_EMPTY_BODY = YES;
				CLANG_WARN_ENUM_CONVERSION = YES;
				CLANG_WARN_INFINITE_RECURSION = YES;
				CLANG_WARN_INT_CONVERSION = YES;
				CLANG_WARN_NON_LITERAL_NULL_CONVERSION = YES;
				CLANG_WARN_OBJC_IMPLICIT_RETAIN_SELF = YES;
				CLANG_WARN_OBJC_LITERAL_CONVERSION = YES;
				CLANG_WARN_OBJC_ROOT_CLASS = YES_ERROR;
				CLANG_WARN_RANGE_LOOP_ANALYSIS = YES;
				CLANG_WARN_STRICT_PROTOTYPES = YES;
				CLANG_WARN_SUSPICIOUS_MOVE = YES;
				CLANG_WARN_UNGUARDED_AVAILABILITY = YES_AGGRESSIVE;
				CLANG_WARN_UNREACHABLE_CODE = YES;
				CLANG_WARN__DUPLICATE_METHOD_MATCH = YES;
				COPY_PHASE_STRIP = NO;
				DEBUG_INFORMATION_FORMAT = dwarf;
				ENABLE_STRICT_OBJC_MSGSEND = YES;
				ENABLE_TESTABILITY = YES;
				GCC_C_LANGUAGE_STANDARD = gnu11;
				GCC_DYNAMIC_NO_PIC = NO;
				GCC_NO_COMMON_BLOCKS = YES;
				GCC_OPTIMIZATION_LEVEL = 0;
				GCC_PREPROCESSOR_DEFINITIONS = (
					"DEBUG=1",
					"$(inherited)",
				);
				GCC_WARN_64_TO_32_BIT_CONVERSION = YES;
				GCC_WARN_ABOUT_RETURN_TYPE = YES_ERROR;
				GCC_WARN_UNDECLARED_SELECTOR = YES;
				GCC_WARN_UNINITIALIZED_AUTOS = YES_AGGRESSIVE;
				GCC_WARN_UNUSED_FUNCTION = YES;
				GCC_WARN_UNUSED_VARIABLE = YES;
				IPHONEOS_DEPLOYMENT_TARGET = 13.2;
				MTL_ENABLE_DEBUG_INFO = INCLUDE_SOURCE;
				MTL_FAST_MATH = YES;
				ONLY_ACTIVE_ARCH = YES;
				SDKROOT = iphoneos;
				SWIFT_ACTIVE_COMPILATION_CONDITIONS = DEBUG;
				SWIFT_OPTIMIZATION_LEVEL = "-Onone";
			};
			name = Debug;
		};
		50A2ED4E23CF2F4500719A41 /* Release */ = {
			isa = XCBuildConfiguration;
			buildSettings = {
				ALWAYS_SEARCH_USER_PATHS = NO;
				CLANG_ANALYZER_NONNULL = YES;
				CLANG_ANALYZER_NUMBER_OBJECT_CONVERSION = YES_AGGRESSIVE;
				CLANG_CXX_LANGUAGE_STANDARD = "gnu++14";
				CLANG_CXX_LIBRARY = "libc++";
				CLANG_ENABLE_MODULES = YES;
				CLANG_ENABLE_OBJC_ARC = YES;
				CLANG_ENABLE_OBJC_WEAK = YES;
				CLANG_WARN_BLOCK_CAPTURE_AUTORELEASING = YES;
				CLANG_WARN_BOOL_CONVERSION = YES;
				CLANG_WARN_COMMA = YES;
				CLANG_WARN_CONSTANT_CONVERSION = YES;
				CLANG_WARN_DEPRECATED_OBJC_IMPLEMENTATIONS = YES;
				CLANG_WARN_DIRECT_OBJC_ISA_USAGE = YES_ERROR;
				CLANG_WARN_DOCUMENTATION_COMMENTS = YES;
				CLANG_WARN_EMPTY_BODY = YES;
				CLANG_WARN_ENUM_CONVERSION = YES;
				CLANG_WARN_INFINITE_RECURSION = YES;
				CLANG_WARN_INT_CONVERSION = YES;
				CLANG_WARN_NON_LITERAL_NULL_CONVERSION = YES;
				CLANG_WARN_OBJC_IMPLICIT_RETAIN_SELF = YES;
				CLANG_WARN_OBJC_LITERAL_CONVERSION = YES;
				CLANG_WARN_OBJC_ROOT_CLASS = YES_ERROR;
				CLANG_WARN_RANGE_LOOP_ANALYSIS = YES;
				CLANG_WARN_STRICT_PROTOTYPES = YES;
				CLANG_WARN_SUSPICIOUS_MOVE = YES;
				CLANG_WARN_UNGUARDED_AVAILABILITY = YES_AGGRESSIVE;
				CLANG_WARN_UNREACHABLE_CODE = YES;
				CLANG_WARN__DUPLICATE_METHOD_MATCH = YES;
				COPY_PHASE_STRIP = NO;
				DEBUG_INFORMATION_FORMAT = "dwarf-with-dsym";
				ENABLE_NS_ASSERTIONS = NO;
				ENABLE_STRICT_OBJC_MSGSEND = YES;
				GCC_C_LANGUAGE_STANDARD = gnu11;
				GCC_NO_COMMON_BLOCKS = YES;
				GCC_WARN_64_TO_32_BIT_CONVERSION = YES;
				GCC_WARN_ABOUT_RETURN_TYPE = YES_ERROR;
				GCC_WARN_UNDECLARED_SELECTOR = YES;
				GCC_WARN_UNINITIALIZED_AUTOS = YES_AGGRESSIVE;
				GCC_WARN_UNUSED_FUNCTION = YES;
				GCC_WARN_UNUSED_VARIABLE = YES;
				IPHONEOS_DEPLOYMENT_TARGET = 13.2;
				MTL_ENABLE_DEBUG_INFO = NO;
				MTL_FAST_MATH = YES;
				SDKROOT = iphoneos;
				SWIFT_COMPILATION_MODE = wholemodule;
				SWIFT_OPTIMIZATION_LEVEL = "-O";
				VALIDATE_PRODUCT = YES;
			};
			name = Release;
		};
		50A2ED5023CF2F4500719A41 /* Debug */ = {
			isa = XCBuildConfiguration;
			buildSettings = {
				ASSETCATALOG_COMPILER_APPICON_NAME = AppIcon;
				CODE_SIGN_STYLE = Automatic;
				DEVELOPMENT_TEAM = DTMD9PXB8B;
				INFOPLIST_FILE = Instagrid/Ressources/Info.plist;
				LD_RUNPATH_SEARCH_PATHS = (
					"$(inherited)",
					"@executable_path/Frameworks",
				);
				PRODUCT_BUNDLE_IDENTIFIER = com.wandiangaHassane.Instagrid;
				PRODUCT_NAME = "$(TARGET_NAME)";
				SWIFT_VERSION = 5.0;
				TARGETED_DEVICE_FAMILY = 1;
			};
			name = Debug;
		};
		50A2ED5123CF2F4500719A41 /* Release */ = {
			isa = XCBuildConfiguration;
			buildSettings = {
				ASSETCATALOG_COMPILER_APPICON_NAME = AppIcon;
				CODE_SIGN_STYLE = Automatic;
				DEVELOPMENT_TEAM = DTMD9PXB8B;
				INFOPLIST_FILE = Instagrid/Ressources/Info.plist;
				LD_RUNPATH_SEARCH_PATHS = (
					"$(inherited)",
					"@executable_path/Frameworks",
				);
				PRODUCT_BUNDLE_IDENTIFIER = com.wandiangaHassane.Instagrid;
				PRODUCT_NAME = "$(TARGET_NAME)";
				SWIFT_VERSION = 5.0;
				TARGETED_DEVICE_FAMILY = 1;
			};
			name = Release;
		};
/* End XCBuildConfiguration section */

/* Begin XCConfigurationList section */
		50A2ED3623CF2F4100719A41 /* Build configuration list for PBXProject "Instagrid" */ = {
			isa = XCConfigurationList;
			buildConfigurations = (
				50A2ED4D23CF2F4500719A41 /* Debug */,
				50A2ED4E23CF2F4500719A41 /* Release */,
			);
			defaultConfigurationIsVisible = 0;
			defaultConfigurationName = Release;
		};
		50A2ED4F23CF2F4500719A41 /* Build configuration list for PBXNativeTarget "Instagrid" */ = {
			isa = XCConfigurationList;
			buildConfigurations = (
				50A2ED5023CF2F4500719A41 /* Debug */,
				50A2ED5123CF2F4500719A41 /* Release */,
			);
			defaultConfigurationIsVisible = 0;
			defaultConfigurationName = Release;
		};
/* End XCConfigurationList section */
	};
	rootObject = 50A2ED3323CF2F4100719A41 /* Project object */;
}
